
Microsoft Visual Studio Solution File, Format Version 12.00
# Visual Studio Version 17
VisualStudioVersion = 17.4.33213.308
MinimumVisualStudioVersion = 10.0.40219.1
Project("{FAE04EC0-301F-11D3-BF4B-00C04F79EFBC}") = "NpatelAssignment1", "NpatelAssignment1\NpatelAssignment1.csproj", "{0401990B-0F7A-47D3-9E78-3983920BCBD0}"
EndProject
Global
	GlobalSection(SolutionConfigurationPlatforms) = preSolution
		Debug|Any CPU = Debug|Any CPU
		Release|Any CPU = Release|Any CPU
	EndGlobalSection
	GlobalSection(ProjectConfigurationPlatforms) = postSolution
		{0401990B-0F7A-47D3-9E78-3983920BCBD0}.Debug|Any CPU.ActiveCfg = Debug|Any CPU
		{0401990B-0F7A-47D3-9E78-3983920BCBD0}.Debug|Any CPU.Build.0 = Debug|Any CPU
		{0401990B-0F7A-47D3-9E78-3983920BCBD0}.Release|Any CPU.ActiveCfg = Release|Any CPU
		{0401990B-0F7A-47D3-9E78-3983920BCBD0}.Release|Any CPU.Build.0 = Release|Any CPU
	EndGlobalSection
	GlobalSection(SolutionProperties) = preSolution
		HideSolutionNode = FALSE
	EndGlobalSection
	GlobalSection(ExtensibilityGlobals) = postSolution
		SolutionGuid = {D2DD494D-524C-4324-B970-AECF3DB54EB7}
	EndGlobalSection
EndGlobal
